
Microsoft Visual Studio Solution File, Format Version 12.00
# Visual Studio 14
VisualStudioVersion = 14.0.24720.0
MinimumVisualStudioVersion = 10.0.40219.1
Project("{FAE04EC0-301F-11D3-BF4B-00C04F79EFBC}") = "SamagotchiServer", "SamagotchiServer\SamagotchiServer.csproj", "{629D48F4-1AF2-4661-923F-4D2F92887450}"
EndProject
Global
	GlobalSection(SolutionConfigurationPlatforms) = preSolution
		Debug|Any CPU = Debug|Any CPU
		Release|Any CPU = Release|Any CPU
	EndGlobalSection
	GlobalSection(ProjectConfigurationPlatforms) = postSolution
		{629D48F4-1AF2-4661-923F-4D2F92887450}.Debug|Any CPU.ActiveCfg = Debug|Any CPU
		{629D48F4-1AF2-4661-923F-4D2F92887450}.Debug|Any CPU.Build.0 = Debug|Any CPU
		{629D48F4-1AF2-4661-923F-4D2F92887450}.Release|Any CPU.ActiveCfg = Release|Any CPU
		{629D48F4-1AF2-4661-923F-4D2F92887450}.Release|Any CPU.Build.0 = Release|Any CPU
	EndGlobalSection
	GlobalSection(SolutionProperties) = preSolution
		HideSolutionNode = FALSE
	EndGlobalSection
EndGlobal
